
Microsoft Visual Studio Solution File, Format Version 12.00
# Visual Studio Version 17
VisualStudioVersion = 17.2.32616.157
MinimumVisualStudioVersion = 10.0.40219.1
Project("{FAE04EC0-301F-11D3-BF4B-00C04F79EFBC}") = "ConsoleApp1", "ConsoleApp1\ConsoleApp1.csproj", "{E3CB4FC9-7970-4F77-B063-E3C98A84FB13}"
EndProject
Global
	GlobalSection(SolutionConfigurationPlatforms) = preSolution
		Debug|Any CPU = Debug|Any CPU
		Release|Any CPU = Release|Any CPU
	EndGlobalSection
	GlobalSection(ProjectConfigurationPlatforms) = postSolution
		{E3CB4FC9-7970-4F77-B063-E3C98A84FB13}.Debug|Any CPU.ActiveCfg = Debug|Any CPU
		{E3CB4FC9-7970-4F77-B063-E3C98A84FB13}.Debug|Any CPU.Build.0 = Debug|Any CPU
		{E3CB4FC9-7970-4F77-B063-E3C98A84FB13}.Release|Any CPU.ActiveCfg = Release|Any CPU
		{E3CB4FC9-7970-4F77-B063-E3C98A84FB13}.Release|Any CPU.Build.0 = Release|Any CPU
	EndGlobalSection
	GlobalSection(SolutionProperties) = preSolution
		HideSolutionNode = FALSE
	EndGlobalSection
	GlobalSection(ExtensibilityGlobals) = postSolution
		SolutionGuid = {91716A81-EC2F-43C0-BA9F-7C29DEC77AAA}
	EndGlobalSection
EndGlobal
